<?xml version="1.0" encoding="utf-8"?>
<Project ToolsVersion="4.0" xmlns="http://schemas.microsoft.com/developer/msbuild/2003">
  <ItemGroup>
    <ClCompile Include="$(MSBuildThisFileDirectory)MyEnApplication.cpp" />
    <ClCompile Include="$(MSBuildThisFileDirectory)MyEntity.cpp" />
    <ClCompile Include="$(MSBuildThisFileDirectory)MyInput.cpp" />
    <ClCompile Include="$(MSBuildThisFileDirectory)MyMath.cpp" />
    <ClCompile Include="$(MSBuildThisFileDirectory)MyTime.cpp" />
    <ClCompile Include="$(MSBuildThisFileDirectory)MyGameobject.cpp">
      <Filter>GameObject</Filter>
    </ClCompile>
    <ClCompile Include="$(MSBuildThisFileDirectory)MyScene.cpp">
      <Filter>Scene</Filter>
    </ClCompile>
    <ClCompile Include="$(MSBuildThisFileDirectory)MySceneManager.cpp">
      <Filter>Scene</Filter>
    </ClCompile>
    <ClCompile Include="$(MSBuildThisFileDirectory)MyLayer.cpp">
      <Filter>Layer</Filter>
    </ClCompile>
    <ClCompile Include="$(MSBuildThisFileDirectory)MyComponent.cpp">
      <Filter>Componenet</Filter>
    </ClCompile>
    <ClCompile Include="$(MSBuildThisFileDirectory)MySpriteRenderer.cpp">
      <Filter>Componenet</Filter>
    </ClCompile>
    <ClCompile Include="$(MSBuildThisFileDirectory)MyTransform.cpp">
      <Filter>Componenet</Filter>
    </ClCompile>
    <ClCompile Include="$(MSBuildThisFileDirectory)MyResource.cpp">
      <Filter>Resource</Filter>
    </ClCompile>
    <ClCompile Include="$(MSBuildThisFileDirectory)MyResources.cpp">
      <Filter>Resource</Filter>
    </ClCompile>
    <ClCompile Include="$(MSBuildThisFileDirectory)MyTexture.cpp">
      <Filter>Resource</Filter>
    </ClCompile>
    <ClCompile Include="$(MSBuildThisFileDirectory)MyScript.cpp">
      <Filter>Componenet</Filter>
    </ClCompile>
    <ClCompile Include="$(MSBuildThisFileDirectory)MyRenderer.cpp" />
    <ClCompile Include="$(MSBuildThisFileDirectory)MyCamera.cpp">
      <Filter>Componenet</Filter>
    </ClCompile>
  </ItemGroup>
  <ItemGroup>
    <ClInclude Include="$(MSBuildThisFileDirectory)CommonIncludes.h" />
    <ClInclude Include="$(MSBuildThisFileDirectory)MyEnApplication.h" />
    <ClInclude Include="$(MSBuildThisFileDirectory)MyEntity.h" />
    <ClInclude Include="$(MSBuildThisFileDirectory)MyEnums.h" />
    <ClInclude Include="$(MSBuildThisFileDirectory)MyInput.h" />
    <ClInclude Include="$(MSBuildThisFileDirectory)MyMath.h" />
    <ClInclude Include="$(MSBuildThisFileDirectory)MyObject.h" />
    <ClInclude Include="$(MSBuildThisFileDirectory)MyTime.h" />
    <ClInclude Include="$(MSBuildThisFileDirectory)MyGameobject.h">
      <Filter>GameObject</Filter>
    </ClInclude>
    <ClInclude Include="$(MSBuildThisFileDirectory)MyScene.h">
      <Filter>Scene</Filter>
    </ClInclude>
    <ClInclude Include="$(MSBuildThisFileDirectory)MySceneManager.h">
      <Filter>Scene</Filter>
    </ClInclude>
    <ClInclude Include="$(MSBuildThisFileDirectory)MyLayer.h">
      <Filter>Layer</Filter>
    </ClInclude>
    <ClInclude Include="$(MSBuildThisFileDirectory)MyComponent.h">
      <Filter>Componenet</Filter>
    </ClInclude>
    <ClInclude Include="$(MSBuildThisFileDirectory)MySpriteRenderer.h">
      <Filter>Componenet</Filter>
    </ClInclude>
    <ClInclude Include="$(MSBuildThisFileDirectory)MyTransform.h">
      <Filter>Componenet</Filter>
    </ClInclude>
    <ClInclude Include="$(MSBuildThisFileDirectory)MyResource.h">
      <Filter>Resource</Filter>
    </ClInclude>
    <ClInclude Include="$(MSBuildThisFileDirectory)MyResources.h">
      <Filter>Resource</Filter>
    </ClInclude>
    <ClInclude Include="$(MSBuildThisFileDirectory)MyTexture.h">
      <Filter>Resource</Filter>
    </ClInclude>
    <ClInclude Include="$(MSBuildThisFileDirectory)MyScript.h">
      <Filter>Componenet</Filter>
    </ClInclude>
    <ClInclude Include="$(MSBuildThisFileDirectory)MyRenderer.h" />
    <ClInclude Include="$(MSBuildThisFileDirectory)MyCamera.h">
      <Filter>Componenet</Filter>
    </ClInclude>
  </ItemGroup>
  <ItemGroup>
    <Filter Include="GameObject">
      <UniqueIdentifier>{d24d0fd5-e337-4f3f-b198-e8f50bc3379a}</UniqueIdentifier>
    </Filter>
    <Filter Include="Scene">
      <UniqueIdentifier>{bc436109-a34c-44a2-8fbf-d34629c21f20}</UniqueIdentifier>
    </Filter>
    <Filter Include="Layer">
      <UniqueIdentifier>{6cd389e7-a8e8-4d88-ba20-a4e9cb45cdb1}</UniqueIdentifier>
    </Filter>
    <Filter Include="Componenet">
      <UniqueIdentifier>{70bac863-b904-4dba-8a20-44bed40649f4}</UniqueIdentifier>
    </Filter>
    <Filter Include="Resource">
      <UniqueIdentifier>{27c31bac-cd08-4117-adcb-969a74295e51}</UniqueIdentifier>
    </Filter>
  </ItemGroup>
</Project>